
Microsoft Visual Studio Solution File, Format Version 12.00
# Visual Studio Version 16
VisualStudioVersion = 16.0.32901.82
MinimumVisualStudioVersion = 10.0.40219.1
Project("{FAE04EC0-301F-11D3-BF4B-00C04F79EFBC}") = "Cruzero", "Cruzero\Cruzero.csproj", "{213F5763-A045-43AC-830A-0B6F75BE5051}"
EndProject
Project("{FAE04EC0-301F-11D3-BF4B-00C04F79EFBC}") = "Entidades", "Entidades\Entidades.csproj", "{709EF31E-84D0-46A2-AAC5-5CE28A2815D1}"
EndProject
Project("{FAE04EC0-301F-11D3-BF4B-00C04F79EFBC}") = "HardcoreCruise", "HardcoreCruise\HardcoreCruise.csproj", "{93E8E5D8-8ADB-485D-972E-56D1AE22B3E1}"
EndProject
Global
	GlobalSection(SolutionConfigurationPlatforms) = preSolution
		Debug|Any CPU = Debug|Any CPU
		Release|Any CPU = Release|Any CPU
	EndGlobalSection
	GlobalSection(ProjectConfigurationPlatforms) = postSolution
		{213F5763-A045-43AC-830A-0B6F75BE5051}.Debug|Any CPU.ActiveCfg = Debug|Any CPU
		{213F5763-A045-43AC-830A-0B6F75BE5051}.Debug|Any CPU.Build.0 = Debug|Any CPU
		{213F5763-A045-43AC-830A-0B6F75BE5051}.Release|Any CPU.ActiveCfg = Release|Any CPU
		{213F5763-A045-43AC-830A-0B6F75BE5051}.Release|Any CPU.Build.0 = Release|Any CPU
		{709EF31E-84D0-46A2-AAC5-5CE28A2815D1}.Debug|Any CPU.ActiveCfg = Debug|Any CPU
		{709EF31E-84D0-46A2-AAC5-5CE28A2815D1}.Debug|Any CPU.Build.0 = Debug|Any CPU
		{709EF31E-84D0-46A2-AAC5-5CE28A2815D1}.Release|Any CPU.ActiveCfg = Release|Any CPU
		{709EF31E-84D0-46A2-AAC5-5CE28A2815D1}.Release|Any CPU.Build.0 = Release|Any CPU
		{93E8E5D8-8ADB-485D-972E-56D1AE22B3E1}.Debug|Any CPU.ActiveCfg = Debug|Any CPU
		{93E8E5D8-8ADB-485D-972E-56D1AE22B3E1}.Debug|Any CPU.Build.0 = Debug|Any CPU
		{93E8E5D8-8ADB-485D-972E-56D1AE22B3E1}.Release|Any CPU.ActiveCfg = Release|Any CPU
		{93E8E5D8-8ADB-485D-972E-56D1AE22B3E1}.Release|Any CPU.Build.0 = Release|Any CPU
	EndGlobalSection
	GlobalSection(SolutionProperties) = preSolution
		HideSolutionNode = FALSE
	EndGlobalSection
	GlobalSection(ExtensibilityGlobals) = postSolution
		SolutionGuid = {931A3A22-796C-42AB-8D61-C408CB80152D}
	EndGlobalSection
EndGlobal
